
Microsoft Visual Studio Solution File, Format Version 12.00
# Visual Studio Version 17
VisualStudioVersion = 17.11.35327.3
MinimumVisualStudioVersion = 10.0.40219.1
Project("{FAE04EC0-301F-11D3-BF4B-00C04F79EFBC}") = "KatalogGier", "KatalogGier.csproj", "{82CB5DD3-D211-41BF-B24D-B6BB4D5B550D}"
EndProject
Global
	GlobalSection(SolutionConfigurationPlatforms) = preSolution
		Debug|Any CPU = Debug|Any CPU
		Release|Any CPU = Release|Any CPU
	EndGlobalSection
	GlobalSection(ProjectConfigurationPlatforms) = postSolution
		{82CB5DD3-D211-41BF-B24D-B6BB4D5B550D}.Debug|Any CPU.ActiveCfg = Debug|Any CPU
		{82CB5DD3-D211-41BF-B24D-B6BB4D5B550D}.Debug|Any CPU.Build.0 = Debug|Any CPU
		{82CB5DD3-D211-41BF-B24D-B6BB4D5B550D}.Release|Any CPU.ActiveCfg = Release|Any CPU
		{82CB5DD3-D211-41BF-B24D-B6BB4D5B550D}.Release|Any CPU.Build.0 = Release|Any CPU
	EndGlobalSection
	GlobalSection(SolutionProperties) = preSolution
		HideSolutionNode = FALSE
	EndGlobalSection
	GlobalSection(ExtensibilityGlobals) = postSolution
		SolutionGuid = {6B143615-0BDE-4C32-A1E7-59EA9F95DA86}
	EndGlobalSection
EndGlobal
